
Microsoft Visual Studio Solution File, Format Version 12.00
# Visual Studio 15
VisualStudioVersion = 15.0.28307.902
MinimumVisualStudioVersion = 10.0.40219.1
Project("{9A19103F-16F7-4668-BE54-9A1E7A4F7556}") = "Airbox.Api", "Airbox.Api\Airbox.Api.csproj", "{A0956B1E-3274-4520-95B6-99F18BA4E9BA}"
EndProject
Project("{FAE04EC0-301F-11D3-BF4B-00C04F79EFBC}") = "Airbox.Api.Tests", "Airbox.Api.Tests\Airbox.Api.Tests.csproj", "{1001FFFC-1CE9-47FB-8396-395EC95F0BB6}"
EndProject
Global
	GlobalSection(SolutionConfigurationPlatforms) = preSolution
		Debug|Any CPU = Debug|Any CPU
		Release|Any CPU = Release|Any CPU
	EndGlobalSection
	GlobalSection(ProjectConfigurationPlatforms) = postSolution
		{A0956B1E-3274-4520-95B6-99F18BA4E9BA}.Debug|Any CPU.ActiveCfg = Debug|Any CPU
		{A0956B1E-3274-4520-95B6-99F18BA4E9BA}.Debug|Any CPU.Build.0 = Debug|Any CPU
		{A0956B1E-3274-4520-95B6-99F18BA4E9BA}.Release|Any CPU.ActiveCfg = Release|Any CPU
		{A0956B1E-3274-4520-95B6-99F18BA4E9BA}.Release|Any CPU.Build.0 = Release|Any CPU
		{1001FFFC-1CE9-47FB-8396-395EC95F0BB6}.Debug|Any CPU.ActiveCfg = Debug|Any CPU
		{1001FFFC-1CE9-47FB-8396-395EC95F0BB6}.Debug|Any CPU.Build.0 = Debug|Any CPU
		{1001FFFC-1CE9-47FB-8396-395EC95F0BB6}.Release|Any CPU.ActiveCfg = Release|Any CPU
		{1001FFFC-1CE9-47FB-8396-395EC95F0BB6}.Release|Any CPU.Build.0 = Release|Any CPU
	EndGlobalSection
	GlobalSection(SolutionProperties) = preSolution
		HideSolutionNode = FALSE
	EndGlobalSection
	GlobalSection(ExtensibilityGlobals) = postSolution
		SolutionGuid = {69351078-752D-4BDF-9508-B86C08D2064F}
	EndGlobalSection
EndGlobal
